# This file is autogenerated, do not edit; changes may be undone by the next 'dep ensure'.


[[projects]]
  digest = "1:a6c29ca384261892243b6af1a130736dca5d4aeada44116f93f80bfce692be68"
  name = "cloud.google.com/go"
  packages = [
    "compute/metadata",
    "iam",
    "internal",
    "internal/optional",
    "internal/trace",
    "internal/version",
    "storage",
  ]
  pruneopts = "UT"
  revision = "aad3f485ee528456e0768f20397b4d9dd941e755"
  version = "v0.25.0"

[[projects]]
  digest = "1:d867dfa6751c8d7a435821ad3b736310c2ed68945d05b50fb9d23aee0540c8cc"
  name = "github.com/Sirupsen/logrus"
  packages = ["."]
  pruneopts = "UT"
  revision = "3e01752db0189b9157070a0e1668a620f9a85da2"
  version = "v1.0.6"

[[projects]]
  digest = "1:fed1f537c2f1269fe475a8556c393fe466641682d73ef8fd0491cd3aa1e47bad"
  name = "github.com/certifi/gocertifi"
  packages = ["."]
  pruneopts = "UT"
  revision = "deb3ae2ef2610fde3330947281941c562861188b"
  version = "2018.01.18"

[[projects]]
  digest = "1:c166378e8ab0f794f293dfb941d250dd70b035b05dec58879f717621d0fe1714"
  name = "github.com/deckarep/golang-set"
  packages = ["."]
  pruneopts = "UT"
  revision = "1d4478f51bed434f1dadf96dcd9b43aabac66795"
  version = "v1.7"

[[projects]]
  digest = "1:256dd949e34358cbf396484da03e028e3c004a7a031d59892aef0a101fa0a01c"
  name = "github.com/disintegration/imaging"
  packages = ["."]
  pruneopts = "UT"
  revision = "bbcee2f5c9d5e94ca42c8b50ec847fec64a6c134"
  version = "v1.4.2"

[[projects]]
  branch = "master"
  digest = "1:14bd7c910515cea8ab088262c997095cc44e6362a76d293e49d1100b2ac17e53"
  name = "github.com/gazoon/go-utils"
  packages = [
    ".",
    "consumer",
    "localization",
    "logging",
    "mongo",
    "queue",
    "request",
  ]
  pruneopts = "UT"
  revision = "f6ff337cce09528a29b633b844031ca10a88840b"

[[projects]]
  branch = "master"
  digest = "1:608d0fe1621755354728fbaeef8ada8b4a33001aec88b66c970e641be950d850"
  name = "github.com/getsentry/raven-go"
  packages = ["."]
  pruneopts = "UT"
  revision = "ba97302481f2659d9ae93288e422acb942093b26"

[[projects]]
  branch = "master"
  digest = "1:4b08116de0de75c041bb341686f0b139930f26cb84dfdf7641d435548114181d"
  name = "github.com/globalsign/mgo"
  packages = [
    ".",
    "bson",
    "internal/json",
    "internal/sasl",
    "internal/scram",
  ]
  pruneopts = "UT"
  revision = "113d3961e7311526535a1ef7042196563d442761"

[[projects]]
  digest = "1:14834e04828af9e53954f1be45ea7f190c4c26d746009c2ab07c5828595539e9"
  name = "github.com/golang/protobuf"
  packages = [
    "proto",
    "protoc-gen-go/descriptor",
    "ptypes",
    "ptypes/any",
    "ptypes/duration",
    "ptypes/timestamp",
  ]
  pruneopts = "UT"
  revision = "b4deda0973fb4c70b50d226b1af49f3da59f5265"
  version = "v1.1.0"

[[projects]]
  digest = "1:e145e9710a10bc114a6d3e2738aadf8de146adaa031854ffdf7bbfe15da85e63"
  name = "github.com/googleapis/gax-go"
  packages = ["."]
  pruneopts = "UT"
  revision = "317e0006254c44a0ac427cc52a0e083ff0b9622f"
  version = "v2.0.0"

[[projects]]
  digest = "1:ccfa094742ce1c97fd3f6481e1bf98f3d9862510eee2bc0eb56e2745396bd330"
  name = "github.com/julienschmidt/httprouter"
  packages = ["."]
  pruneopts = "UT"
  revision = "8c199fb6259ffc1af525cc3ad52ee60ba8359669"
  version = "v1.1"

[[projects]]
  digest = "1:9cc76ea3318a9f38443a48d7e64aa2e54bbf7d583418c84dae773b9d4bfe2c8a"
  name = "github.com/leonelquinteros/gotext"
  packages = ["."]
  pruneopts = "UT"
  revision = "92b69ffa4cc0895b83b42f50065e9de5a3c32960"
  version = "v1.3.1"

[[projects]]
  branch = "master"
  digest = "1:550b558c67eb89895c0340dc551de58033d1bfaecbf46f1405d6f0bd03e3fbee"
  name = "github.com/mattn/kinako"
  packages = [
    "ast",
    "parser",
    "vm",
  ]
  pruneopts = "UT"
  revision = "332c0a7e205a29536e672337a4bea6c7a96b04c1"

[[projects]]
  branch = "master"
  digest = "1:5ab79470a1d0fb19b041a624415612f8236b3c06070161a910562f2b2d064355"
  name = "github.com/mitchellh/mapstructure"
  packages = ["."]
  pruneopts = "UT"
  revision = "f15292f7a699fcc1a38a80977f80a046874ba8ac"

[[projects]]
  digest = "1:40e195917a951a8bf867cd05de2a46aaf1806c50cf92eebf4c16f78cd196f747"
  name = "github.com/pkg/errors"
  packages = ["."]
  pruneopts = "UT"
  revision = "645ef00459ed84a119197bfb8d8205042c6df63d"
  version = "v0.8.0"

[[projects]]
  digest = "1:274f67cb6fed9588ea2521ecdac05a6d62a8c51c074c1fccc6a49a40ba80e925"
  name = "github.com/satori/go.uuid"
  packages = ["."]
  pruneopts = "UT"
  revision = "f58768cc1a7a7e77a3bd49e98cdd21419399b6a3"
  version = "v1.2.0"

[[projects]]
  digest = "1:420817f94b6c172dabb8a054d0b2d257d7437a87c7c8c7ee432bc008a577fc46"
  name = "github.com/technoweenie/multipartstreamer"
  packages = ["."]
  pruneopts = "UT"
  revision = "a90a01d73ae432e2611d178c18367fbaa13e0154"
  version = "v1.0.1"

[[projects]]
  digest = "1:65e25ac216ca6ed03a34ba4b9df43449c25d6314b2d6db08dd4ddef18b93628e"
  name = "go.opencensus.io"
  packages = [
    ".",
    "exporter/stackdriver/propagation",
    "internal",
    "internal/tagencoding",
    "plugin/ochttp",
    "plugin/ochttp/propagation/b3",
    "stats",
    "stats/internal",
    "stats/view",
    "tag",
    "trace",
    "trace/internal",
    "trace/propagation",
  ]
  pruneopts = "UT"
  revision = "e262766cd0d230a1bb7c37281e345e465f19b41b"
  version = "v0.14.0"

[[projects]]
  branch = "master"
  digest = "1:3f3a05ae0b95893d90b9b3b5afdb79a9b3d96e4e36e099d841ae602e4aca0da8"
  name = "golang.org/x/crypto"
  packages = ["ssh/terminal"]
  pruneopts = "UT"
  revision = "c126467f60eb25f8f27e5a981f32a87e3965053f"

[[projects]]
  branch = "master"
  digest = "1:d3d337e91c35f337d548873978c858ecb723168a6303a41a3ba625c79094f899"
  name = "golang.org/x/image"
  packages = [
    "bmp",
    "tiff",
    "tiff/lzw",
  ]
  pruneopts = "UT"
  revision = "c73c2afc3b812cdd6385de5a50616511c4a3d458"

[[projects]]
  branch = "master"
  digest = "1:3678c5905f4223908ae7f0e09d7be17393a38ace3daaa5ece320e55b9b42314a"
  name = "golang.org/x/net"
  packages = [
    "context",
    "context/ctxhttp",
    "http/httpguts",
    "http2",
    "http2/hpack",
    "idna",
    "internal/timeseries",
    "trace",
  ]
  pruneopts = "UT"
  revision = "3673e40ba22529d22c3fd7c93e97b0ce50fa7bdd"

[[projects]]
  branch = "master"
  digest = "1:bea0314c10bd362ab623af4880d853b5bad3b63d0ab9945c47e461b8d04203ed"
  name = "golang.org/x/oauth2"
  packages = [
    ".",
    "google",
    "internal",
    "jws",
    "jwt",
  ]
  pruneopts = "UT"
  revision = "3d292e4d0cdc3a0113e6d207bb137145ef1de42f"

[[projects]]
  branch = "master"
  digest = "1:8742e6e73627b2877c3f723bc1823d5667ec59011242480309dc90fa862512aa"
  name = "golang.org/x/sys"
  packages = [
    "unix",
    "windows",
  ]
  pruneopts = "UT"
  revision = "bd9dbc187b6e1dacfdd2722a87e83093c2d7bd6e"

[[projects]]
  digest = "1:a2ab62866c75542dd18d2b069fec854577a20211d7c0ea6ae746072a1dccdd18"
  name = "golang.org/x/text"
  packages = [
    "collate",
    "collate/build",
    "internal/colltab",
    "internal/gen",
    "internal/tag",
    "internal/triegen",
    "internal/ucd",
    "language",
    "secure/bidirule",
    "transform",
    "unicode/bidi",
    "unicode/cldr",
    "unicode/norm",
    "unicode/rangetable",
  ]
  pruneopts = "UT"
  revision = "f21a4dfb5e38f5895301dc265a8def02365cc3d0"
  version = "v0.3.0"

[[projects]]
  branch = "master"
  digest = "1:3bf0b8d321172b068026e161db2ef29aaffa903ec94e8fc29e49d80ef564050d"
  name = "google.golang.org/api"
  packages = [
    "gensupport",
    "googleapi",
    "googleapi/internal/uritemplates",
    "googleapi/transport",
    "internal",
    "iterator",
    "option",
    "storage/v1",
    "transport/http",
  ]
  pruneopts = "UT"
  revision = "082d5fa4f1f046d7c35245229282ed6f488892c0"

[[projects]]
  digest = "1:c8907869850adaa8bd7631887948d0684f3787d0912f1c01ab72581a6c34432e"
  name = "google.golang.org/appengine"
  packages = [
    ".",
    "internal",
    "internal/app_identity",
    "internal/base",
    "internal/datastore",
    "internal/log",
    "internal/modules",
    "internal/remote_api",
    "internal/urlfetch",
    "urlfetch",
  ]
  pruneopts = "UT"
  revision = "b1f26356af11148e710935ed1ac8a7f5702c7612"
  version = "v1.1.0"

[[projects]]
  branch = "master"
  digest = "1:ff94ea38fec4e39a0a1da6ef4a19e4d86711e027de5d7dd084cdd0a1bcc596fc"
  name = "google.golang.org/genproto"
  packages = [
    "googleapis/api/annotations",
    "googleapis/iam/v1",
    "googleapis/rpc/code",
    "googleapis/rpc/status",
  ]
  pruneopts = "UT"
  revision = "2a72893556e4d1f6c795a4c039314c9fa751eedb"

[[projects]]
  digest = "1:2dab32a43451e320e49608ff4542fdfc653c95dcc35d0065ec9c6c3dd540ed74"
  name = "google.golang.org/grpc"
  packages = [
    ".",
    "balancer",
    "balancer/base",
    "balancer/roundrobin",
    "codes",
    "connectivity",
    "credentials",
    "encoding",
    "encoding/proto",
    "grpclog",
    "internal",
    "internal/backoff",
    "internal/channelz",
    "internal/grpcrand",
    "keepalive",
    "metadata",
    "naming",
    "peer",
    "resolver",
    "resolver/dns",
    "resolver/passthrough",
    "stats",
    "status",
    "tap",
    "transport",
  ]
  pruneopts = "UT"
  revision = "168a6198bcb0ef175f7dacec0b8691fc141dc9b8"
  version = "v1.13.0"

[[projects]]
  branch = "v2"
  digest = "1:2642fd0b6900c77247d61d80cf2eb59a374ef4ffc2d25a1b95b87dc355b2894e"
  name = "gopkg.in/mgo.v2"
  packages = [
    "bson",
    "internal/json",
  ]
  pruneopts = "UT"
  revision = "9856a29383ce1c59f308dd1cf0363a79b5bef6b5"

[[projects]]
  digest = "1:6999e4e34bb73184674e844d6d1e6f48f75a30a9c86ef7663dbc7b2509962812"
  name = "gopkg.in/telegram-bot-api.v4"
  packages = ["."]
  pruneopts = "UT"
  revision = "0e0af0c480ea98e982d5f4d45fb39577c6ab1e3e"
  version = "v4.6.2"

[[projects]]
  digest = "1:342378ac4dcb378a5448dd723f0784ae519383532f5e70ade24132c4c8693202"
  name = "gopkg.in/yaml.v2"
  packages = ["."]
  pruneopts = "UT"
  revision = "5420a8b6744d3b0345ab293f6fcba19c978f1183"
  version = "v2.2.1"

[solve-meta]
  analyzer-name = "dep"
  analyzer-version = 1
  input-imports = [
    "cloud.google.com/go/storage",
    "github.com/Sirupsen/logrus",
    "github.com/deckarep/golang-set",
    "github.com/disintegration/imaging",
    "github.com/gazoon/go-utils",
    "github.com/gazoon/go-utils/consumer",
    "github.com/gazoon/go-utils/localization",
    "github.com/gazoon/go-utils/logging",
    "github.com/gazoon/go-utils/mongo",
    "github.com/gazoon/go-utils/queue",
    "github.com/gazoon/go-utils/request",
    "github.com/globalsign/mgo",
    "github.com/globalsign/mgo/bson",
    "github.com/julienschmidt/httprouter",
    "github.com/mitchellh/mapstructure",
    "github.com/pkg/errors",
    "github.com/satori/go.uuid",
    "golang.org/x/net/context",
    "google.golang.org/api/option",
    "gopkg.in/mgo.v2/bson",
    "gopkg.in/telegram-bot-api.v4",
  ]
  solver-name = "gps-cdcl"
  solver-version = 1
